
Microsoft Visual Studio Solution File, Format Version 12.00
# Visual Studio Version 17
VisualStudioVersion = 17.4.33103.184
MinimumVisualStudioVersion = 10.0.40219.1
Project("{FAE04EC0-301F-11D3-BF4B-00C04F79EFBC}") = "PatientAPI", "PatientAPI\PatientAPI.csproj", "{3349CFBE-CBC6-4328-9611-2ADEAEC724FD}"
EndProject
Project("{FAE04EC0-301F-11D3-BF4B-00C04F79EFBC}") = "PatientAPI.UnitTests", "PatientAPI.UnitTests\PatientAPI.UnitTests.csproj", "{3B7E32AB-9162-4588-9EEA-585B5C6AD432}"
EndProject
Global
	GlobalSection(SolutionConfigurationPlatforms) = preSolution
		Debug|Any CPU = Debug|Any CPU
		Release|Any CPU = Release|Any CPU
	EndGlobalSection
	GlobalSection(ProjectConfigurationPlatforms) = postSolution
		{3349CFBE-CBC6-4328-9611-2ADEAEC724FD}.Debug|Any CPU.ActiveCfg = Debug|Any CPU
		{3349CFBE-CBC6-4328-9611-2ADEAEC724FD}.Debug|Any CPU.Build.0 = Debug|Any CPU
		{3349CFBE-CBC6-4328-9611-2ADEAEC724FD}.Release|Any CPU.ActiveCfg = Release|Any CPU
		{3349CFBE-CBC6-4328-9611-2ADEAEC724FD}.Release|Any CPU.Build.0 = Release|Any CPU
		{3B7E32AB-9162-4588-9EEA-585B5C6AD432}.Debug|Any CPU.ActiveCfg = Debug|Any CPU
		{3B7E32AB-9162-4588-9EEA-585B5C6AD432}.Debug|Any CPU.Build.0 = Debug|Any CPU
		{3B7E32AB-9162-4588-9EEA-585B5C6AD432}.Release|Any CPU.ActiveCfg = Release|Any CPU
		{3B7E32AB-9162-4588-9EEA-585B5C6AD432}.Release|Any CPU.Build.0 = Release|Any CPU
	EndGlobalSection
	GlobalSection(SolutionProperties) = preSolution
		HideSolutionNode = FALSE
	EndGlobalSection
	GlobalSection(ExtensibilityGlobals) = postSolution
		SolutionGuid = {67AAD5C7-967B-4986-84E9-E6AE2E9FCA7B}
	EndGlobalSection
EndGlobal
